// !$*UTF8*$!
{
	archiveVersion = 1;
	classes = {
	};
	objectVersion = 46;
	objects = {

/* Begin PBXBuildFile section */
		810434BC1E462E82009861B4 /* Utility.swift in Sources */ = {isa = PBXBuildFile; fileRef = 810434BB1E462E82009861B4 /* Utility.swift */; };
		810434BE1E4643DA009861B4 /* App.swift in Sources */ = {isa = PBXBuildFile; fileRef = 810434BD1E4643DA009861B4 /* App.swift */; };
		810434C01E4649A3009861B4 /* LoadingViewController.swift in Sources */ = {isa = PBXBuildFile; fileRef = 810434BF1E4649A3009861B4 /* LoadingViewController.swift */; };
		8147E1A41E457541001925E2 /* AppDelegate.swift in Sources */ = {isa = PBXBuildFile; fileRef = 8147E1A31E457541001925E2 /* AppDelegate.swift */; };
		8147E1A61E457541001925E2 /* RoversViewController.swift in Sources */ = {isa = PBXBuildFile; fileRef = 8147E1A51E457541001925E2 /* RoversViewController.swift */; };
		8147E1A91E457541001925E2 /* Main.storyboard in Resources */ = {isa = PBXBuildFile; fileRef = 8147E1A71E457541001925E2 /* Main.storyboard */; };
		8147E1AC1E457541001925E2 /* MarsArchive.xcdatamodeld in Sources */ = {isa = PBXBuildFile; fileRef = 8147E1AA1E457541001925E2 /* MarsArchive.xcdatamodeld */; };
		8147E1AE1E457541001925E2 /* Assets.xcassets in Resources */ = {isa = PBXBuildFile; fileRef = 8147E1AD1E457541001925E2 /* Assets.xcassets */; };
		8147E1B11E457541001925E2 /* LaunchScreen.storyboard in Resources */ = {isa = PBXBuildFile; fileRef = 8147E1AF1E457541001925E2 /* LaunchScreen.storyboard */; };
		81520B121E45802A000441CF /* Rover.swift in Sources */ = {isa = PBXBuildFile; fileRef = 81520B111E45802A000441CF /* Rover.swift */; };
		81520B141E4581B1000441CF /* Camera.swift in Sources */ = {isa = PBXBuildFile; fileRef = 81520B131E4581B1000441CF /* Camera.swift */; };
		81520B161E4582CB000441CF /* Photo.swift in Sources */ = {isa = PBXBuildFile; fileRef = 81520B151E4582CB000441CF /* Photo.swift */; };
		81520B191E458546000441CF /* NasaAPI.swift in Sources */ = {isa = PBXBuildFile; fileRef = 81520B181E458546000441CF /* NasaAPI.swift */; };
		818E20ED1E469ECB00341CAF /* GalleryPageViewController.swift in Sources */ = {isa = PBXBuildFile; fileRef = 818E20EC1E469ECB00341CAF /* GalleryPageViewController.swift */; };
		818E20EF1E469EFC00341CAF /* GalleryPageItemViewController.swift in Sources */ = {isa = PBXBuildFile; fileRef = 818E20EE1E469EFC00341CAF /* GalleryPageItemViewController.swift */; };
		818E21091E46D75300341CAF /* RoversViewController+MarsScene.swift in Sources */ = {isa = PBXBuildFile; fileRef = 818E21081E46D75300341CAF /* RoversViewController+MarsScene.swift */; };
		818E210B1E46DB2200341CAF /* space_environment_big.jpg in Resources */ = {isa = PBXBuildFile; fileRef = 818E210A1E46DB2200341CAF /* space_environment_big.jpg */; };
		818E210D1E46DB5300341CAF /* mars_map.jpg in Resources */ = {isa = PBXBuildFile; fileRef = 818E210C1E46DB5300341CAF /* mars_map.jpg */; };
		818E210F1E46DB6E00341CAF /* sphere.obj in Resources */ = {isa = PBXBuildFile; fileRef = 818E210E1E46DB6E00341CAF /* sphere.obj */; };
		819E1AB11E4625C800F1832B /* GalleryViewController.swift in Sources */ = {isa = PBXBuildFile; fileRef = 819E1AB01E4625C800F1832B /* GalleryViewController.swift */; };
		819E1AB31E46267E00F1832B /* Extensions.swift in Sources */ = {isa = PBXBuildFile; fileRef = 819E1AB21E46267E00F1832B /* Extensions.swift */; };
		819E1AB91E46281B00F1832B /* CameraSelectionView.swift in Sources */ = {isa = PBXBuildFile; fileRef = 819E1AB81E46281B00F1832B /* CameraSelectionView.swift */; };
		81DE1B551E470FC700B2F122 /* Michroma.ttf in Resources */ = {isa = PBXBuildFile; fileRef = 81DE1B541E470FBD00B2F122 /* Michroma.ttf */; };
		81DE1B5A1E472A9500B2F122 /* rover.obj in Resources */ = {isa = PBXBuildFile; fileRef = 81DE1B591E472A9500B2F122 /* rover.obj */; };
		81F13F6D1E4689490069C11F /* GalleryViewController+Gallery.swift in Sources */ = {isa = PBXBuildFile; fileRef = 81F13F6C1E4689490069C11F /* GalleryViewController+Gallery.swift */; };
		F082DF4738904BBA80FB71D9 /* Pods_MarsArchive.framework in Frameworks */ = {isa = PBXBuildFile; fileRef = E50ACD9FB85A7FE9ED53BF57 /* Pods_MarsArchive.framework */; };
/* End PBXBuildFile section */

/* Begin PBXFileReference section */
		1F8BEEFFB945541FF2F9C60C /* Pods-MarsArchive.debug.xcconfig */ = {isa = PBXFileReference; includeInIndex = 1; lastKnownFileType = text.xcconfig; name = "Pods-MarsArchive.debug.xcconfig"; path = "Pods/Target Support Files/Pods-MarsArchive/Pods-MarsArchive.debug.xcconfig"; sourceTree = "<group>"; };
		322A0F37F45334B347469A27 /* Pods-MarsArchive.release.xcconfig */ = {isa = PBXFileReference; includeInIndex = 1; lastKnownFileType = text.xcconfig; name = "Pods-MarsArchive.release.xcconfig"; path = "Pods/Target Support Files/Pods-MarsArchive/Pods-MarsArchive.release.xcconfig"; sourceTree = "<group>"; };
		810434BB1E462E82009861B4 /* Utility.swift */ = {isa = PBXFileReference; fileEncoding = 4; lastKnownFileType = sourcecode.swift; path = Utility.swift; sourceTree = "<group>"; };
		810434BD1E4643DA009861B4 /* App.swift */ = {isa = PBXFileReference; fileEncoding = 4; lastKnownFileType = sourcecode.swift; path = App.swift; sourceTree = "<group>"; };
		810434BF1E4649A3009861B4 /* LoadingViewController.swift */ = {isa = PBXFileReference; fileEncoding = 4; lastKnownFileType = sourcecode.swift; path = LoadingViewController.swift; sourceTree = "<group>"; };
		8147E1A01E457541001925E2 /* MarsArchive.app */ = {isa = PBXFileReference; explicitFileType = wrapper.application; includeInIndex = 0; path = MarsArchive.app; sourceTree = BUILT_PRODUCTS_DIR; };
		8147E1A31E457541001925E2 /* AppDelegate.swift */ = {isa = PBXFileReference; lastKnownFileType = sourcecode.swift; path = AppDelegate.swift; sourceTree = "<group>"; };
		8147E1A51E457541001925E2 /* RoversViewController.swift */ = {isa = PBXFileReference; lastKnownFileType = sourcecode.swift; path = RoversViewController.swift; sourceTree = "<group>"; };
		8147E1A81E457541001925E2 /* Base */ = {isa = PBXFileReference; lastKnownFileType = file.storyboard; name = Base; path = Base.lproj/Main.storyboard; sourceTree = "<group>"; };
		8147E1AB1E457541001925E2 /* MarsArchive.xcdatamodel */ = {isa = PBXFileReference; lastKnownFileType = wrapper.xcdatamodel; path = MarsArchive.xcdatamodel; sourceTree = "<group>"; };
		8147E1AD1E457541001925E2 /* Assets.xcassets */ = {isa = PBXFileReference; lastKnownFileType = folder.assetcatalog; path = Assets.xcassets; sourceTree = "<group>"; };
		8147E1B01E457541001925E2 /* Base */ = {isa = PBXFileReference; lastKnownFileType = file.storyboard; name = Base; path = Base.lproj/LaunchScreen.storyboard; sourceTree = "<group>"; };
		8147E1B21E457541001925E2 /* Info.plist */ = {isa = PBXFileReference; lastKnownFileType = text.plist.xml; path = Info.plist; sourceTree = "<group>"; };
		81520B111E45802A000441CF /* Rover.swift */ = {isa = PBXFileReference; fileEncoding = 4; lastKnownFileType = sourcecode.swift; path = Rover.swift; sourceTree = "<group>"; };
		81520B131E4581B1000441CF /* Camera.swift */ = {isa = PBXFileReference; fileEncoding = 4; lastKnownFileType = sourcecode.swift; path = Camera.swift; sourceTree = "<group>"; };
		81520B151E4582CB000441CF /* Photo.swift */ = {isa = PBXFileReference; fileEncoding = 4; lastKnownFileType = sourcecode.swift; path = Photo.swift; sourceTree = "<group>"; };
		81520B181E458546000441CF /* NasaAPI.swift */ = {isa = PBXFileReference; fileEncoding = 4; lastKnownFileType = sourcecode.swift; path = NasaAPI.swift; sourceTree = "<group>"; };
		818E20EC1E469ECB00341CAF /* GalleryPageViewController.swift */ = {isa = PBXFileReference; fileEncoding = 4; lastKnownFileType = sourcecode.swift; path = GalleryPageViewController.swift; sourceTree = "<group>"; };
		818E20EE1E469EFC00341CAF /* GalleryPageItemViewController.swift */ = {isa = PBXFileReference; fileEncoding = 4; lastKnownFileType = sourcecode.swift; path = GalleryPageItemViewController.swift; sourceTree = "<group>"; };
		818E21081E46D75300341CAF /* RoversViewController+MarsScene.swift */ = {isa = PBXFileReference; fileEncoding = 4; lastKnownFileType = sourcecode.swift; path = "RoversViewController+MarsScene.swift"; sourceTree = "<group>"; };
		818E210A1E46DB2200341CAF /* space_environment_big.jpg */ = {isa = PBXFileReference; lastKnownFileType = image.jpeg; path = space_environment_big.jpg; sourceTree = "<group>"; };
		818E210C1E46DB5300341CAF /* mars_map.jpg */ = {isa = PBXFileReference; lastKnownFileType = image.jpeg; path = mars_map.jpg; sourceTree = "<group>"; };
		818E210E1E46DB6E00341CAF /* sphere.obj */ = {isa = PBXFileReference; fileEncoding = 4; lastKnownFileType = text; path = sphere.obj; sourceTree = "<group>"; };
		819E1AB01E4625C800F1832B /* GalleryViewController.swift */ = {isa = PBXFileReference; fileEncoding = 4; lastKnownFileType = sourcecode.swift; path = GalleryViewController.swift; sourceTree = "<group>"; };
		819E1AB21E46267E00F1832B /* Extensions.swift */ = {isa = PBXFileReference; fileEncoding = 4; lastKnownFileType = sourcecode.swift; path = Extensions.swift; sourceTree = "<group>"; };
		819E1AB81E46281B00F1832B /* CameraSelectionView.swift */ = {isa = PBXFileReference; fileEncoding = 4; lastKnownFileType = sourcecode.swift; path = CameraSelectionView.swift; sourceTree = "<group>"; };
		81DE1B541E470FBD00B2F122 /* Michroma.ttf */ = {isa = PBXFileReference; lastKnownFileType = file; path = Michroma.ttf; sourceTree = "<group>"; };
		81DE1B591E472A9500B2F122 /* rover.obj */ = {isa = PBXFileReference; fileEncoding = 4; lastKnownFileType = text; path = rover.obj; sourceTree = "<group>"; };
		81F13F6C1E4689490069C11F /* GalleryViewController+Gallery.swift */ = {isa = PBXFileReference; fileEncoding = 4; lastKnownFileType = sourcecode.swift; path = "GalleryViewController+Gallery.swift"; sourceTree = "<group>"; };
		E50ACD9FB85A7FE9ED53BF57 /* Pods_MarsArchive.framework */ = {isa = PBXFileReference; explicitFileType = wrapper.framework; includeInIndex = 0; path = Pods_MarsArchive.framework; sourceTree = BUILT_PRODUCTS_DIR; };
/* End PBXFileReference section */

/* Begin PBXFrameworksBuildPhase section */
		8147E19D1E457541001925E2 /* Frameworks */ = {
			isa = PBXFrameworksBuildPhase;
			buildActionMask = 2147483647;
			files = (
				F082DF4738904BBA80FB71D9 /* Pods_MarsArchive.framework in Frameworks */,
			);
			runOnlyForDeploymentPostprocessing = 0;
		};
/* End PBXFrameworksBuildPhase section */

/* Begin PBXGroup section */
		8147E1971E457541001925E2 = {
			isa = PBXGroup;
			children = (
				8147E1A21E457541001925E2 /* MarsArchive */,
				8147E1A11E457541001925E2 /* Products */,
				BEE114568986F13DAEAE3A06 /* Pods */,
				9F0BB738B04A5DFCB8E2A668 /* Frameworks */,
			);
			sourceTree = "<group>";
		};
		8147E1A11E457541001925E2 /* Products */ = {
			isa = PBXGroup;
			children = (
				8147E1A01E457541001925E2 /* MarsArchive.app */,
			);
			name = Products;
			sourceTree = "<group>";
		};
		8147E1A21E457541001925E2 /* MarsArchive */ = {
			isa = PBXGroup;
			children = (
				810434BD1E4643DA009861B4 /* App.swift */,
				8147E1A31E457541001925E2 /* AppDelegate.swift */,
				810434BB1E462E82009861B4 /* Utility.swift */,
				819E1AB21E46267E00F1832B /* Extensions.swift */,
				81520B171E45852B000441CF /* API */,
				81520B101E45800F000441CF /* Model */,
				819E1AAF1E46259C00F1832B /* Controllers */,
				8147E1A71E457541001925E2 /* Main.storyboard */,
				8147E1AF1E457541001925E2 /* LaunchScreen.storyboard */,
				8147E1AD1E457541001925E2 /* Assets.xcassets */,
				818E20F01E46C4F500341CAF /* Assets */,
				8147E1B21E457541001925E2 /* Info.plist */,
				8147E1AA1E457541001925E2 /* MarsArchive.xcdatamodeld */,
			);
			path = MarsArchive;
			sourceTree = "<group>";
		};
		81520B101E45800F000441CF /* Model */ = {
			isa = PBXGroup;
			children = (
				81520B111E45802A000441CF /* Rover.swift */,
				81520B151E4582CB000441CF /* Photo.swift */,
				81520B131E4581B1000441CF /* Camera.swift */,
			);
			name = Model;
			sourceTree = "<group>";
		};
		81520B171E45852B000441CF /* API */ = {
			isa = PBXGroup;
			children = (
				81520B181E458546000441CF /* NasaAPI.swift */,
			);
			name = API;
			sourceTree = "<group>";
		};
		818E20F01E46C4F500341CAF /* Assets */ = {
			isa = PBXGroup;
			children = (
				81DE1B531E470FB300B2F122 /* Fonts */,
				818E20FB1E46C6A200341CAF /* Object */,
				818E20F61E46C5B900341CAF /* Model */,
				818E20F11E46C50800341CAF /* Environment */,
			);
			name = Assets;
			sourceTree = "<group>";
		};
		818E20F11E46C50800341CAF /* Environment */ = {
			isa = PBXGroup;
			children = (
				818E210A1E46DB2200341CAF /* space_environment_big.jpg */,
			);
			name = Environment;
			sourceTree = "<group>";
		};
		818E20F61E46C5B900341CAF /* Model */ = {
			isa = PBXGroup;
			children = (
				818E210C1E46DB5300341CAF /* mars_map.jpg */,
			);
			name = Model;
			sourceTree = "<group>";
		};
		818E20FB1E46C6A200341CAF /* Object */ = {
			isa = PBXGroup;
			children = (
				81DE1B591E472A9500B2F122 /* rover.obj */,
				818E210E1E46DB6E00341CAF /* sphere.obj */,
			);
			name = Object;
			sourceTree = "<group>";
		};
		819E1AAF1E46259C00F1832B /* Controllers */ = {
			isa = PBXGroup;
			children = (
				810434BF1E4649A3009861B4 /* LoadingViewController.swift */,
				819E1AB41E4627B200F1832B /* Rover / Mars Model */,
				819E1AB51E4627BC00F1832B /* Gallery */,
			);
			name = Controllers;
			sourceTree = "<group>";
		};
		819E1AB41E4627B200F1832B /* Rover / Mars Model */ = {
			isa = PBXGroup;
			children = (
				8147E1A51E457541001925E2 /* RoversViewController.swift */,
				818E21081E46D75300341CAF /* RoversViewController+MarsScene.swift */,
			);
			name = "Rover / Mars Model";
			sourceTree = "<group>";
		};
		819E1AB51E4627BC00F1832B /* Gallery */ = {
			isa = PBXGroup;
			children = (
				819E1AB01E4625C800F1832B /* GalleryViewController.swift */,
				81F13F6C1E4689490069C11F /* GalleryViewController+Gallery.swift */,
				819E1AB81E46281B00F1832B /* CameraSelectionView.swift */,
				818E20EC1E469ECB00341CAF /* GalleryPageViewController.swift */,
				818E20EE1E469EFC00341CAF /* GalleryPageItemViewController.swift */,
			);
			name = Gallery;
			sourceTree = "<group>";
		};
		81DE1B531E470FB300B2F122 /* Fonts */ = {
			isa = PBXGroup;
			children = (
				81DE1B541E470FBD00B2F122 /* Michroma.ttf */,
			);
			name = Fonts;
			sourceTree = "<group>";
		};
		9F0BB738B04A5DFCB8E2A668 /* Frameworks */ = {
			isa = PBXGroup;
			children = (
				E50ACD9FB85A7FE9ED53BF57 /* Pods_MarsArchive.framework */,
			);
			name = Frameworks;
			sourceTree = "<group>";
		};
		BEE114568986F13DAEAE3A06 /* Pods */ = {
			isa = PBXGroup;
			children = (
				1F8BEEFFB945541FF2F9C60C /* Pods-MarsArchive.debug.xcconfig */,
				322A0F37F45334B347469A27 /* Pods-MarsArchive.release.xcconfig */,
			);
			name = Pods;
			sourceTree = "<group>";
		};
/* End PBXGroup section */

/* Begin PBXNativeTarget section */
		8147E19F1E457541001925E2 /* MarsArchive */ = {
			isa = PBXNativeTarget;
			buildConfigurationList = 8147E1B51E457541001925E2 /* Build configuration list for PBXNativeTarget "MarsArchive" */;
			buildPhases = (
				650D42A400694376743CF005 /* [CP] Check Pods Manifest.lock */,
				8147E19C1E457541001925E2 /* Sources */,
				8147E19D1E457541001925E2 /* Frameworks */,
				8147E19E1E457541001925E2 /* Resources */,
				80A0F9D6B8847F1E4152CC29 /* [CP] Embed Pods Frameworks */,
				541FE76ED378144A4DA29548 /* [CP] Copy Pods Resources */,
			);
			buildRules = (
			);
			dependencies = (
			);
			name = MarsArchive;
			productName = MarsArchive;
			productReference = 8147E1A01E457541001925E2 /* MarsArchive.app */;
			productType = "com.apple.product-type.application";
		};
/* End PBXNativeTarget section */

/* Begin PBXProject section */
		8147E1981E457541001925E2 /* Project object */ = {
			isa = PBXProject;
			attributes = {
				LastSwiftUpdateCheck = 0820;
				LastUpgradeCheck = 0820;
				ORGANIZATIONNAME = Azing;
				TargetAttributes = {
					8147E19F1E457541001925E2 = {
						CreatedOnToolsVersion = 8.2;
						DevelopmentTeam = P6WDVDEGP6;
						ProvisioningStyle = Automatic;
					};
				};
			};
			buildConfigurationList = 8147E19B1E457541001925E2 /* Build configuration list for PBXProject "MarsArchive" */;
			compatibilityVersion = "Xcode 3.2";
			developmentRegion = English;
			hasScannedForEncodings = 0;
			knownRegions = (
				en,
				Base,
			);
			mainGroup = 8147E1971E457541001925E2;
			productRefGroup = 8147E1A11E457541001925E2 /* Products */;
			projectDirPath = "";
			projectRoot = "";
			targets = (
				8147E19F1E457541001925E2 /* MarsArchive */,
			);
		};
/* End PBXProject section */

/* Begin PBXResourcesBuildPhase section */
		8147E19E1E457541001925E2 /* Resources */ = {
			isa = PBXResourcesBuildPhase;
			buildActionMask = 2147483647;
			files = (
				818E210B1E46DB2200341CAF /* space_environment_big.jpg in Resources */,
				8147E1B11E457541001925E2 /* LaunchScreen.storyboard in Resources */,
				818E210D1E46DB5300341CAF /* mars_map.jpg in Resources */,
				81DE1B551E470FC700B2F122 /* Michroma.ttf in Resources */,
				81DE1B5A1E472A9500B2F122 /* rover.obj in Resources */,
				8147E1AE1E457541001925E2 /* Assets.xcassets in Resources */,
				818E210F1E46DB6E00341CAF /* sphere.obj in Resources */,
				8147E1A91E457541001925E2 /* Main.storyboard in Resources */,
			);
			runOnlyForDeploymentPostprocessing = 0;
		};
/* End PBXResourcesBuildPhase section */

/* Begin PBXShellScriptBuildPhase section */
		541FE76ED378144A4DA29548 /* [CP] Copy Pods Resources */ = {
			isa = PBXShellScriptBuildPhase;
			buildActionMask = 2147483647;
			files = (
			);
			inputPaths = (
			);
			name = "[CP] Copy Pods Resources";
			outputPaths = (
			);
			runOnlyForDeploymentPostprocessing = 0;
			shellPath = /bin/sh;
			shellScript = "\"${SRCROOT}/Pods/Target Support Files/Pods-MarsArchive/Pods-MarsArchive-resources.sh\"\n";
			showEnvVarsInLog = 0;
		};
		650D42A400694376743CF005 /* [CP] Check Pods Manifest.lock */ = {
			isa = PBXShellScriptBuildPhase;
			buildActionMask = 2147483647;
			files = (
			);
			inputPaths = (
			);
			name = "[CP] Check Pods Manifest.lock";
			outputPaths = (
			);
			runOnlyForDeploymentPostprocessing = 0;
			shellPath = /bin/sh;
			shellScript = "diff \"${PODS_ROOT}/../Podfile.lock\" \"${PODS_ROOT}/Manifest.lock\" > /dev/null\nif [ $? != 0 ] ; then\n    # print error to STDERR\n    echo \"error: The sandbox is not in sync with the Podfile.lock. Run 'pod install' or update your CocoaPods installation.\" >&2\n    exit 1\nfi\n";
			showEnvVarsInLog = 0;
		};
		80A0F9D6B8847F1E4152CC29 /* [CP] Embed Pods Frameworks */ = {
			isa = PBXShellScriptBuildPhase;
			buildActionMask = 2147483647;
			files = (
			);
			inputPaths = (
			);
			name = "[CP] Embed Pods Frameworks";
			outputPaths = (
			);
			runOnlyForDeploymentPostprocessing = 0;
			shellPath = /bin/sh;
			shellScript = "\"${SRCROOT}/Pods/Target Support Files/Pods-MarsArchive/Pods-MarsArchive-frameworks.sh\"\n";
			showEnvVarsInLog = 0;
		};
/* End PBXShellScriptBuildPhase section */

/* Begin PBXSourcesBuildPhase section */
		8147E19C1E457541001925E2 /* Sources */ = {
			isa = PBXSourcesBuildPhase;
			buildActionMask = 2147483647;
			files = (
				819E1AB31E46267E00F1832B /* Extensions.swift in Sources */,
				818E20EF1E469EFC00341CAF /* GalleryPageItemViewController.swift in Sources */,
				81520B161E4582CB000441CF /* Photo.swift in Sources */,
				81F13F6D1E4689490069C11F /* GalleryViewController+Gallery.swift in Sources */,
				81520B121E45802A000441CF /* Rover.swift in Sources */,
				810434BC1E462E82009861B4 /* Utility.swift in Sources */,
				81520B141E4581B1000441CF /* Camera.swift in Sources */,
				8147E1A61E457541001925E2 /* RoversViewController.swift in Sources */,
				818E20ED1E469ECB00341CAF /* GalleryPageViewController.swift in Sources */,
				81520B191E458546000441CF /* NasaAPI.swift in Sources */,
				819E1AB11E4625C800F1832B /* GalleryViewController.swift in Sources */,
				818E21091E46D75300341CAF /* RoversViewController+MarsScene.swift in Sources */,
				8147E1AC1E457541001925E2 /* MarsArchive.xcdatamodeld in Sources */,
				810434BE1E4643DA009861B4 /* App.swift in Sources */,
				819E1AB91E46281B00F1832B /* CameraSelectionView.swift in Sources */,
				810434C01E4649A3009861B4 /* LoadingViewController.swift in Sources */,
				8147E1A41E457541001925E2 /* AppDelegate.swift in Sources */,
			);
			runOnlyForDeploymentPostprocessing = 0;
		};
/* End PBXSourcesBuildPhase section */

/* Begin PBXVariantGroup section */
		8147E1A71E457541001925E2 /* Main.storyboard */ = {
			isa = PBXVariantGroup;
			children = (
				8147E1A81E457541001925E2 /* Base */,
			);
			name = Main.storyboard;
			sourceTree = "<group>";
		};
		8147E1AF1E457541001925E2 /* LaunchScreen.storyboard */ = {
			isa = PBXVariantGroup;
			children = (
				8147E1B01E457541001925E2 /* Base */,
			);
			name = LaunchScreen.storyboard;
			sourceTree = "<group>";
		};
/* End PBXVariantGroup section */

/* Begin XCBuildConfiguration section */
		8147E1B31E457541001925E2 /* Debug */ = {
			isa = XCBuildConfiguration;
			buildSettings = {
				ALWAYS_SEARCH_USER_PATHS = NO;
				CLANG_ANALYZER_NONNULL = YES;
				CLANG_CXX_LANGUAGE_STANDARD = "gnu++0x";
				CLANG_CXX_LIBRARY = "libc++";
				CLANG_ENABLE_MODULES = YES;
				CLANG_ENABLE_OBJC_ARC = YES;
				CLANG_WARN_BOOL_CONVERSION = YES;
				CLANG_WARN_CONSTANT_CONVERSION = YES;
				CLANG_WARN_DIRECT_OBJC_ISA_USAGE = YES_ERROR;
				CLANG_WARN_DOCUMENTATION_COMMENTS = YES;
				CLANG_WARN_EMPTY_BODY = YES;
				CLANG_WARN_ENUM_CONVERSION = YES;
				CLANG_WARN_INFINITE_RECURSION = YES;
				CLANG_WARN_INT_CONVERSION = YES;
				CLANG_WARN_OBJC_ROOT_CLASS = YES_ERROR;
				CLANG_WARN_SUSPICIOUS_MOVE = YES;
				CLANG_WARN_UNREACHABLE_CODE = YES;
				CLANG_WARN__DUPLICATE_METHOD_MATCH = YES;
				"CODE_SIGN_IDENTITY[sdk=iphoneos*]" = "iPhone Developer";
				COPY_PHASE_STRIP = NO;
				DEBUG_INFORMATION_FORMAT = dwarf;
				ENABLE_STRICT_OBJC_MSGSEND = YES;
				ENABLE_TESTABILITY = YES;
				GCC_C_LANGUAGE_STANDARD = gnu99;
				GCC_DYNAMIC_NO_PIC = NO;
				GCC_NO_COMMON_BLOCKS = YES;
				GCC_OPTIMIZATION_LEVEL = 0;
				GCC_PREPROCESSOR_DEFINITIONS = (
					"DEBUG=1",
					"$(inherited)",
				);
				GCC_WARN_64_TO_32_BIT_CONVERSION = YES;
				GCC_WARN_ABOUT_RETURN_TYPE = YES_ERROR;
				GCC_WARN_UNDECLARED_SELECTOR = YES;
				GCC_WARN_UNINITIALIZED_AUTOS = YES_AGGRESSIVE;
				GCC_WARN_UNUSED_FUNCTION = YES;
				GCC_WARN_UNUSED_VARIABLE = YES;
				IPHONEOS_DEPLOYMENT_TARGET = 10.2;
				MTL_ENABLE_DEBUG_INFO = YES;
				ONLY_ACTIVE_ARCH = YES;
				SDKROOT = iphoneos;
				SWIFT_ACTIVE_COMPILATION_CONDITIONS = DEBUG;
				SWIFT_OPTIMIZATION_LEVEL = "-Onone";
				TARGETED_DEVICE_FAMILY = "1,2";
			};
			name = Debug;
		};
		8147E1B41E457541001925E2 /* Release */ = {
			isa = XCBuildConfiguration;
			buildSettings = {
				ALWAYS_SEARCH_USER_PATHS = NO;
				CLANG_ANALYZER_NONNULL = YES;
				CLANG_CXX_LANGUAGE_STANDARD = "gnu++0x";
				CLANG_CXX_LIBRARY = "libc++";
				CLANG_ENABLE_MODULES = YES;
				CLANG_ENABLE_OBJC_ARC = YES;
				CLANG_WARN_BOOL_CONVERSION = YES;
				CLANG_WARN_CONSTANT_CONVERSION = YES;
				CLANG_WARN_DIRECT_OBJC_ISA_USAGE = YES_ERROR;
				CLANG_WARN_DOCUMENTATION_COMMENTS = YES;
				CLANG_WARN_EMPTY_BODY = YES;
				CLANG_WARN_ENUM_CONVERSION = YES;
				CLANG_WARN_INFINITE_RECURSION = YES;
				CLANG_WARN_INT_CONVERSION = YES;
				CLANG_WARN_OBJC_ROOT_CLASS = YES_ERROR;
				CLANG_WARN_SUSPICIOUS_MOVE = YES;
				CLANG_WARN_UNREACHABLE_CODE = YES;
				CLANG_WARN__DUPLICATE_METHOD_MATCH = YES;
				"CODE_SIGN_IDENTITY[sdk=iphoneos*]" = "iPhone Developer";
				COPY_PHASE_STRIP = NO;
				DEBUG_INFORMATION_FORMAT = "dwarf-with-dsym";
				ENABLE_NS_ASSERTIONS = NO;
				ENABLE_STRICT_OBJC_MSGSEND = YES;
				GCC_C_LANGUAGE_STANDARD = gnu99;
				GCC_NO_COMMON_BLOCKS = YES;
				GCC_WARN_64_TO_32_BIT_CONVERSION = YES;
				GCC_WARN_ABOUT_RETURN_TYPE = YES_ERROR;
				GCC_WARN_UNDECLARED_SELECTOR = YES;
				GCC_WARN_UNINITIALIZED_AUTOS = YES_AGGRESSIVE;
				GCC_WARN_UNUSED_FUNCTION = YES;
				GCC_WARN_UNUSED_VARIABLE = YES;
				IPHONEOS_DEPLOYMENT_TARGET = 10.2;
				MTL_ENABLE_DEBUG_INFO = NO;
				SDKROOT = iphoneos;
				SWIFT_OPTIMIZATION_LEVEL = "-Owholemodule";
				TARGETED_DEVICE_FAMILY = "1,2";
				VALIDATE_PRODUCT = YES;
			};
			name = Release;
		};
		8147E1B61E457541001925E2 /* Debug */ = {
			isa = XCBuildConfiguration;
			baseConfigurationReference = 1F8BEEFFB945541FF2F9C60C /* Pods-MarsArchive.debug.xcconfig */;
			buildSettings = {
				ASSETCATALOG_COMPILER_APPICON_NAME = AppIcon;
				DEVELOPMENT_TEAM = P6WDVDEGP6;
				INFOPLIST_FILE = MarsArchive/Info.plist;
				LD_RUNPATH_SEARCH_PATHS = "$(inherited) @executable_path/Frameworks";
				PRODUCT_BUNDLE_IDENTIFIER = io.azing.MarsArchive;
				PRODUCT_NAME = "$(TARGET_NAME)";
				SWIFT_VERSION = 3.0;
				TARGETED_DEVICE_FAMILY = 1;
			};
			name = Debug;
		};
		8147E1B71E457541001925E2 /* Release */ = {
			isa = XCBuildConfiguration;
			baseConfigurationReference = 322A0F37F45334B347469A27 /* Pods-MarsArchive.release.xcconfig */;
			buildSettings = {
				ASSETCATALOG_COMPILER_APPICON_NAME = AppIcon;
				DEVELOPMENT_TEAM = P6WDVDEGP6;
				INFOPLIST_FILE = MarsArchive/Info.plist;
				LD_RUNPATH_SEARCH_PATHS = "$(inherited) @executable_path/Frameworks";
				PRODUCT_BUNDLE_IDENTIFIER = io.azing.MarsArchive;
				PRODUCT_NAME = "$(TARGET_NAME)";
				SWIFT_VERSION = 3.0;
				TARGETED_DEVICE_FAMILY = 1;
			};
			name = Release;
		};
/* End XCBuildConfiguration section */

/* Begin XCConfigurationList section */
		8147E19B1E457541001925E2 /* Build configuration list for PBXProject "MarsArchive" */ = {
			isa = XCConfigurationList;
			buildConfigurations = (
				8147E1B31E457541001925E2 /* Debug */,
				8147E1B41E457541001925E2 /* Release */,
			);
			defaultConfigurationIsVisible = 0;
			defaultConfigurationName = Release;
		};
		8147E1B51E457541001925E2 /* Build configuration list for PBXNativeTarget "MarsArchive" */ = {
			isa = XCConfigurationList;
			buildConfigurations = (
				8147E1B61E457541001925E2 /* Debug */,
				8147E1B71E457541001925E2 /* Release */,
			);
			defaultConfigurationIsVisible = 0;
			defaultConfigurationName = Release;
		};
/* End XCConfigurationList section */

/* Begin XCVersionGroup section */
		8147E1AA1E457541001925E2 /* MarsArchive.xcdatamodeld */ = {
			isa = XCVersionGroup;
			children = (
				8147E1AB1E457541001925E2 /* MarsArchive.xcdatamodel */,
			);
			currentVersion = 8147E1AB1E457541001925E2 /* MarsArchive.xcdatamodel */;
			path = MarsArchive.xcdatamodeld;
			sourceTree = "<group>";
			versionGroupType = wrapper.xcdatamodel;
		};
/* End XCVersionGroup section */
	};
	rootObject = 8147E1981E457541001925E2 /* Project object */;
}
